// !$*UTF8*$!
{
	archiveVersion = 1;
	classes = {
	};
	objectVersion = 46;
	objects = {

/* Begin PBXBuildFile section */
		468F39BD17C37EE0005E13C2 /* Foundation.framework in Frameworks */ = {isa = PBXBuildFile; fileRef = 468F39BC17C37EE0005E13C2 /* Foundation.framework */; };
		468F39BF17C37EE0005E13C2 /* CoreGraphics.framework in Frameworks */ = {isa = PBXBuildFile; fileRef = 468F39BE17C37EE0005E13C2 /* CoreGraphics.framework */; };
		468F39C117C37EE0005E13C2 /* UIKit.framework in Frameworks */ = {isa = PBXBuildFile; fileRef = 468F39C017C37EE0005E13C2 /* UIKit.framework */; };
		468F39C717C37EE0005E13C2 /* InfoPlist.strings in Resources */ = {isa = PBXBuildFile; fileRef = 468F39C517C37EE0005E13C2 /* InfoPlist.strings */; };
		468F39C917C37EE0005E13C2 /* main.m in Sources */ = {isa = PBXBuildFile; fileRef = 468F39C817C37EE0005E13C2 /* main.m */; };
		468F39CD17C37EE0005E13C2 /* AppDelegate.m in Sources */ = {isa = PBXBuildFile; fileRef = 468F39CC17C37EE0005E13C2 /* AppDelegate.m */; };
		468F39D017C37EE0005E13C2 /* Main.storyboard in Resources */ = {isa = PBXBuildFile; fileRef = 468F39CE17C37EE0005E13C2 /* Main.storyboard */; };
		468F39D317C37EE0005E13C2 /* ViewController.m in Sources */ = {isa = PBXBuildFile; fileRef = 468F39D217C37EE0005E13C2 /* ViewController.m */; };
		468F39D517C37EE0005E13C2 /* Images.xcassets in Resources */ = {isa = PBXBuildFile; fileRef = 468F39D417C37EE0005E13C2 /* Images.xcassets */; };
		468F39DC17C37EE0005E13C2 /* XCTest.framework in Frameworks */ = {isa = PBXBuildFile; fileRef = 468F39DB17C37EE0005E13C2 /* XCTest.framework */; };
		468F39DD17C37EE0005E13C2 /* Foundation.framework in Frameworks */ = {isa = PBXBuildFile; fileRef = 468F39BC17C37EE0005E13C2 /* Foundation.framework */; };
		468F39DE17C37EE0005E13C2 /* UIKit.framework in Frameworks */ = {isa = PBXBuildFile; fileRef = 468F39C017C37EE0005E13C2 /* UIKit.framework */; };
		468F39E617C37EE0005E13C2 /* InfoPlist.strings in Resources */ = {isa = PBXBuildFile; fileRef = 468F39E417C37EE0005E13C2 /* InfoPlist.strings */; };
		468F39E817C37EE0005E13C2 /* SSBarGraphDemoTests.m in Sources */ = {isa = PBXBuildFile; fileRef = 468F39E717C37EE0005E13C2 /* SSBarGraphDemoTests.m */; };
		468F39F817C37F31005E13C2 /* SSBar.m in Sources */ = {isa = PBXBuildFile; fileRef = 468F39F317C37F31005E13C2 /* SSBar.m */; };
		468F39F917C37F31005E13C2 /* SSBarChart.m in Sources */ = {isa = PBXBuildFile; fileRef = 468F39F517C37F31005E13C2 /* SSBarChart.m */; };
		468F39FA17C37F31005E13C2 /* SSScale.m in Sources */ = {isa = PBXBuildFile; fileRef = 468F39F717C37F31005E13C2 /* SSScale.m */; };
/* End PBXBuildFile section */

/* Begin PBXContainerItemProxy section */
		468F39DF17C37EE0005E13C2 /* PBXContainerItemProxy */ = {
			isa = PBXContainerItemProxy;
			containerPortal = 468F39B117C37EE0005E13C2 /* Project object */;
			proxyType = 1;
			remoteGlobalIDString = 468F39B817C37EE0005E13C2;
			remoteInfo = SSBarGraphDemo;
		};
/* End PBXContainerItemProxy section */

/* Begin PBXFileReference section */
		468F39B917C37EE0005E13C2 /* SSBarGraphDemo.app */ = {isa = PBXFileReference; explicitFileType = wrapper.application; includeInIndex = 0; path = SSBarGraphDemo.app; sourceTree = BUILT_PRODUCTS_DIR; };
		468F39BC17C37EE0005E13C2 /* Foundation.framework */ = {isa = PBXFileReference; lastKnownFileType = wrapper.framework; name = Foundation.framework; path = System/Library/Frameworks/Foundation.framework; sourceTree = SDKROOT; };
		468F39BE17C37EE0005E13C2 /* CoreGraphics.framework */ = {isa = PBXFileReference; lastKnownFileType = wrapper.framework; name = CoreGraphics.framework; path = System/Library/Frameworks/CoreGraphics.framework; sourceTree = SDKROOT; };
		468F39C017C37EE0005E13C2 /* UIKit.framework */ = {isa = PBXFileReference; lastKnownFileType = wrapper.framework; name = UIKit.framework; path = System/Library/Frameworks/UIKit.framework; sourceTree = SDKROOT; };
		468F39C417C37EE0005E13C2 /* SSBarGraphDemo-Info.plist */ = {isa = PBXFileReference; lastKnownFileType = text.plist.xml; path = "SSBarGraphDemo-Info.plist"; sourceTree = "<group>"; };
		468F39C617C37EE0005E13C2 /* en */ = {isa = PBXFileReference; lastKnownFileType = text.plist.strings; name = en; path = en.lproj/InfoPlist.strings; sourceTree = "<group>"; };
		468F39C817C37EE0005E13C2 /* main.m */ = {isa = PBXFileReference; lastKnownFileType = sourcecode.c.objc; path = main.m; sourceTree = "<group>"; };
		468F39CA17C37EE0005E13C2 /* SSBarGraphDemo-Prefix.pch */ = {isa = PBXFileReference; lastKnownFileType = sourcecode.c.h; path = "SSBarGraphDemo-Prefix.pch"; sourceTree = "<group>"; };
		468F39CB17C37EE0005E13C2 /* AppDelegate.h */ = {isa = PBXFileReference; lastKnownFileType = sourcecode.c.h; path = AppDelegate.h; sourceTree = "<group>"; };
		468F39CC17C37EE0005E13C2 /* AppDelegate.m */ = {isa = PBXFileReference; lastKnownFileType = sourcecode.c.objc; path = AppDelegate.m; sourceTree = "<group>"; };
		468F39CF17C37EE0005E13C2 /* Base */ = {isa = PBXFileReference; lastKnownFileType = file.storyboard; name = Base; path = Base.lproj/Main.storyboard; sourceTree = "<group>"; };
		468F39D117C37EE0005E13C2 /* ViewController.h */ = {isa = PBXFileReference; lastKnownFileType = sourcecode.c.h; path = ViewController.h; sourceTree = "<group>"; };
		468F39D217C37EE0005E13C2 /* ViewController.m */ = {isa = PBXFileReference; lastKnownFileType = sourcecode.c.objc; path = ViewController.m; sourceTree = "<group>"; };
		468F39D417C37EE0005E13C2 /* Images.xcassets */ = {isa = PBXFileReference; lastKnownFileType = folder.assetcatalog; path = Images.xcassets; sourceTree = "<group>"; };
		468F39DA17C37EE0005E13C2 /* SSBarGraphDemoTests.xctest */ = {isa = PBXFileReference; explicitFileType = wrapper.cfbundle; includeInIndex = 0; path = SSBarGraphDemoTests.xctest; sourceTree = BUILT_PRODUCTS_DIR; };
		468F39DB17C37EE0005E13C2 /* XCTest.framework */ = {isa = PBXFileReference; lastKnownFileType = wrapper.framework; name = XCTest.framework; path = Library/Frameworks/XCTest.framework; sourceTree = DEVELOPER_DIR; };
		468F39E317C37EE0005E13C2 /* SSBarGraphDemoTests-Info.plist */ = {isa = PBXFileReference; lastKnownFileType = text.plist.xml; path = "SSBarGraphDemoTests-Info.plist"; sourceTree = "<group>"; };
		468F39E517C37EE0005E13C2 /* en */ = {isa = PBXFileReference; lastKnownFileType = text.plist.strings; name = en; path = en.lproj/InfoPlist.strings; sourceTree = "<group>"; };
		468F39E717C37EE0005E13C2 /* SSBarGraphDemoTests.m */ = {isa = PBXFileReference; lastKnownFileType = sourcecode.c.objc; path = SSBarGraphDemoTests.m; sourceTree = "<group>"; };
		468F39F217C37F31005E13C2 /* SSBar.h */ = {isa = PBXFileReference; fileEncoding = 4; lastKnownFileType = sourcecode.c.h; path = SSBar.h; sourceTree = "<group>"; };
		468F39F317C37F31005E13C2 /* SSBar.m */ = {isa = PBXFileReference; fileEncoding = 4; lastKnownFileType = sourcecode.c.objc; path = SSBar.m; sourceTree = "<group>"; };
		468F39F417C37F31005E13C2 /* SSBarChart.h */ = {isa = PBXFileReference; fileEncoding = 4; lastKnownFileType = sourcecode.c.h; path = SSBarChart.h; sourceTree = "<group>"; };
		468F39F517C37F31005E13C2 /* SSBarChart.m */ = {isa = PBXFileReference; fileEncoding = 4; lastKnownFileType = sourcecode.c.objc; path = SSBarChart.m; sourceTree = "<group>"; };
		468F39F617C37F31005E13C2 /* SSScale.h */ = {isa = PBXFileReference; fileEncoding = 4; lastKnownFileType = sourcecode.c.h; path = SSScale.h; sourceTree = "<group>"; };
		468F39F717C37F31005E13C2 /* SSScale.m */ = {isa = PBXFileReference; fileEncoding = 4; lastKnownFileType = sourcecode.c.objc; path = SSScale.m; sourceTree = "<group>"; };
/* End PBXFileReference section */

/* Begin PBXFrameworksBuildPhase section */
		468F39B617C37EE0005E13C2 /* Frameworks */ = {
			isa = PBXFrameworksBuildPhase;
			buildActionMask = 2147483647;
			files = (
				468F39BF17C37EE0005E13C2 /* CoreGraphics.framework in Frameworks */,
				468F39C117C37EE0005E13C2 /* UIKit.framework in Frameworks */,
				468F39BD17C37EE0005E13C2 /* Foundation.framework in Frameworks */,
			);
			runOnlyForDeploymentPostprocessing = 0;
		};
		468F39D717C37EE0005E13C2 /* Frameworks */ = {
			isa = PBXFrameworksBuildPhase;
			buildActionMask = 2147483647;
			files = (
				468F39DC17C37EE0005E13C2 /* XCTest.framework in Frameworks */,
				468F39DE17C37EE0005E13C2 /* UIKit.framework in Frameworks */,
				468F39DD17C37EE0005E13C2 /* Foundation.framework in Frameworks */,
			);
			runOnlyForDeploymentPostprocessing = 0;
		};
/* End PBXFrameworksBuildPhase section */

/* Begin PBXGroup section */
		468F39B017C37EE0005E13C2 = {
			isa = PBXGroup;
			children = (
				468F39F117C37F31005E13C2 /* SSBarGraph */,
				468F39C217C37EE0005E13C2 /* SSBarGraphDemo */,
				468F39E117C37EE0005E13C2 /* SSBarGraphDemoTests */,
				468F39BB17C37EE0005E13C2 /* Frameworks */,
				468F39BA17C37EE0005E13C2 /* Products */,
			);
			sourceTree = "<group>";
		};
		468F39BA17C37EE0005E13C2 /* Products */ = {
			isa = PBXGroup;
			children = (
				468F39B917C37EE0005E13C2 /* SSBarGraphDemo.app */,
				468F39DA17C37EE0005E13C2 /* SSBarGraphDemoTests.xctest */,
			);
			name = Products;
			sourceTree = "<group>";
		};
		468F39BB17C37EE0005E13C2 /* Frameworks */ = {
			isa = PBXGroup;
			children = (
				468F39BC17C37EE0005E13C2 /* Foundation.framework */,
				468F39BE17C37EE0005E13C2 /* CoreGraphics.framework */,
				468F39C017C37EE0005E13C2 /* UIKit.framework */,
				468F39DB17C37EE0005E13C2 /* XCTest.framework */,
			);
			name = Frameworks;
			sourceTree = "<group>";
		};
		468F39C217C37EE0005E13C2 /* SSBarGraphDemo */ = {
			isa = PBXGroup;
			children = (
				468F39CB17C37EE0005E13C2 /* AppDelegate.h */,
				468F39CC17C37EE0005E13C2 /* AppDelegate.m */,
				468F39CE17C37EE0005E13C2 /* Main.storyboard */,
				468F39D117C37EE0005E13C2 /* ViewController.h */,
				468F39D217C37EE0005E13C2 /* ViewController.m */,
				468F39D417C37EE0005E13C2 /* Images.xcassets */,
				468F39C317C37EE0005E13C2 /* Supporting Files */,
			);
			path = SSBarGraphDemo;
			sourceTree = "<group>";
		};
		468F39C317C37EE0005E13C2 /* Supporting Files */ = {
			isa = PBXGroup;
			children = (
				468F39C417C37EE0005E13C2 /* SSBarGraphDemo-Info.plist */,
				468F39C517C37EE0005E13C2 /* InfoPlist.strings */,
				468F39C817C37EE0005E13C2 /* main.m */,
				468F39CA17C37EE0005E13C2 /* SSBarGraphDemo-Prefix.pch */,
			);
			name = "Supporting Files";
			sourceTree = "<group>";
		};
		468F39E117C37EE0005E13C2 /* SSBarGraphDemoTests */ = {
			isa = PBXGroup;
			children = (
				468F39E717C37EE0005E13C2 /* SSBarGraphDemoTests.m */,
				468F39E217C37EE0005E13C2 /* Supporting Files */,
			);
			path = SSBarGraphDemoTests;
			sourceTree = "<group>";
		};
		468F39E217C37EE0005E13C2 /* Supporting Files */ = {
			isa = PBXGroup;
			children = (
				468F39E317C37EE0005E13C2 /* SSBarGraphDemoTests-Info.plist */,
				468F39E417C37EE0005E13C2 /* InfoPlist.strings */,
			);
			name = "Supporting Files";
			sourceTree = "<group>";
		};
		468F39F117C37F31005E13C2 /* SSBarGraph */ = {
			isa = PBXGroup;
			children = (
				468F39F217C37F31005E13C2 /* SSBar.h */,
				468F39F317C37F31005E13C2 /* SSBar.m */,
				468F39F417C37F31005E13C2 /* SSBarChart.h */,
				468F39F517C37F31005E13C2 /* SSBarChart.m */,
				468F39F617C37F31005E13C2 /* SSScale.h */,
				468F39F717C37F31005E13C2 /* SSScale.m */,
			);
			path = SSBarGraph;
			sourceTree = "<group>";
		};
/* End PBXGroup section */

/* Begin PBXNativeTarget section */
		468F39B817C37EE0005E13C2 /* SSBarGraphDemo */ = {
			isa = PBXNativeTarget;
			buildConfigurationList = 468F39EB17C37EE0005E13C2 /* Build configuration list for PBXNativeTarget "SSBarGraphDemo" */;
			buildPhases = (
				468F39B517C37EE0005E13C2 /* Sources */,
				468F39B617C37EE0005E13C2 /* Frameworks */,
				468F39B717C37EE0005E13C2 /* Resources */,
			);
			buildRules = (
			);
			dependencies = (
			);
			name = SSBarGraphDemo;
			productName = SSBarGraphDemo;
			productReference = 468F39B917C37EE0005E13C2 /* SSBarGraphDemo.app */;
			productType = "com.apple.product-type.application";
		};
		468F39D917C37EE0005E13C2 /* SSBarGraphDemoTests */ = {
			isa = PBXNativeTarget;
			buildConfigurationList = 468F39EE17C37EE0005E13C2 /* Build configuration list for PBXNativeTarget "SSBarGraphDemoTests" */;
			buildPhases = (
				468F39D617C37EE0005E13C2 /* Sources */,
				468F39D717C37EE0005E13C2 /* Frameworks */,
				468F39D817C37EE0005E13C2 /* Resources */,
			);
			buildRules = (
			);
			dependencies = (
				468F39E017C37EE0005E13C2 /* PBXTargetDependency */,
			);
			name = SSBarGraphDemoTests;
			productName = SSBarGraphDemoTests;
			productReference = 468F39DA17C37EE0005E13C2 /* SSBarGraphDemoTests.xctest */;
			productType = "com.apple.product-type.bundle.unit-test";
		};
/* End PBXNativeTarget section */

/* Begin PBXProject section */
		468F39B117C37EE0005E13C2 /* Project object */ = {
			isa = PBXProject;
			attributes = {
				LastUpgradeCheck = 0500;
				TargetAttributes = {
					468F39D917C37EE0005E13C2 = {
						TestTargetID = 468F39B817C37EE0005E13C2;
					};
				};
			};
			buildConfigurationList = 468F39B417C37EE0005E13C2 /* Build configuration list for PBXProject "SSBarGraphDemo" */;
			compatibilityVersion = "Xcode 3.2";
			developmentRegion = English;
			hasScannedForEncodings = 0;
			knownRegions = (
				en,
				Base,
			);
			mainGroup = 468F39B017C37EE0005E13C2;
			productRefGroup = 468F39BA17C37EE0005E13C2 /* Products */;
			projectDirPath = "";
			projectRoot = "";
			targets = (
				468F39B817C37EE0005E13C2 /* SSBarGraphDemo */,
				468F39D917C37EE0005E13C2 /* SSBarGraphDemoTests */,
			);
		};
/* End PBXProject section */

/* Begin PBXResourcesBuildPhase section */
		468F39B717C37EE0005E13C2 /* Resources */ = {
			isa = PBXResourcesBuildPhase;
			buildActionMask = 2147483647;
			files = (
				468F39D517C37EE0005E13C2 /* Images.xcassets in Resources */,
				468F39C717C37EE0005E13C2 /* InfoPlist.strings in Resources */,
				468F39D017C37EE0005E13C2 /* Main.storyboard in Resources */,
			);
			runOnlyForDeploymentPostprocessing = 0;
		};
		468F39D817C37EE0005E13C2 /* Resources */ = {
			isa = PBXResourcesBuildPhase;
			buildActionMask = 2147483647;
			files = (
				468F39E617C37EE0005E13C2 /* InfoPlist.strings in Resources */,
			);
			runOnlyForDeploymentPostprocessing = 0;
		};
/* End PBXResourcesBuildPhase section */

/* Begin PBXSourcesBuildPhase section */
		468F39B517C37EE0005E13C2 /* Sources */ = {
			isa = PBXSourcesBuildPhase;
			buildActionMask = 2147483647;
			files = (
				468F39FA17C37F31005E13C2 /* SSScale.m in Sources */,
				468F39D317C37EE0005E13C2 /* ViewController.m in Sources */,
				468F39F817C37F31005E13C2 /* SSBar.m in Sources */,
				468F39CD17C37EE0005E13C2 /* AppDelegate.m in Sources */,
				468F39F917C37F31005E13C2 /* SSBarChart.m in Sources */,
				468F39C917C37EE0005E13C2 /* main.m in Sources */,
			);
			runOnlyForDeploymentPostprocessing = 0;
		};
		468F39D617C37EE0005E13C2 /* Sources */ = {
			isa = PBXSourcesBuildPhase;
			buildActionMask = 2147483647;
			files = (
				468F39E817C37EE0005E13C2 /* SSBarGraphDemoTests.m in Sources */,
			);
			runOnlyForDeploymentPostprocessing = 0;
		};
/* End PBXSourcesBuildPhase section */

/* Begin PBXTargetDependency section */
		468F39E017C37EE0005E13C2 /* PBXTargetDependency */ = {
			isa = PBXTargetDependency;
			target = 468F39B817C37EE0005E13C2 /* SSBarGraphDemo */;
			targetProxy = 468F39DF17C37EE0005E13C2 /* PBXContainerItemProxy */;
		};
/* End PBXTargetDependency section */

/* Begin PBXVariantGroup section */
		468F39C517C37EE0005E13C2 /* InfoPlist.strings */ = {
			isa = PBXVariantGroup;
			children = (
				468F39C617C37EE0005E13C2 /* en */,
			);
			name = InfoPlist.strings;
			sourceTree = "<group>";
		};
		468F39CE17C37EE0005E13C2 /* Main.storyboard */ = {
			isa = PBXVariantGroup;
			children = (
				468F39CF17C37EE0005E13C2 /* Base */,
			);
			name = Main.storyboard;
			sourceTree = "<group>";
		};
		468F39E417C37EE0005E13C2 /* InfoPlist.strings */ = {
			isa = PBXVariantGroup;
			children = (
				468F39E517C37EE0005E13C2 /* en */,
			);
			name = InfoPlist.strings;
			sourceTree = "<group>";
		};
/* End PBXVariantGroup section */

/* Begin XCBuildConfiguration section */
		468F39E917C37EE0005E13C2 /* Debug */ = {
			isa = XCBuildConfiguration;
			buildSettings = {
				ALWAYS_SEARCH_USER_PATHS = NO;
				CLANG_CXX_LANGUAGE_STANDARD = "gnu++0x";
				CLANG_CXX_LIBRARY = "libc++";
				CLANG_ENABLE_MODULES = YES;
				CLANG_ENABLE_OBJC_ARC = YES;
				CLANG_WARN_BOOL_CONVERSION = YES;
				CLANG_WARN_CONSTANT_CONVERSION = YES;
				CLANG_WARN_DIRECT_OBJC_ISA_USAGE = YES_ERROR;
				CLANG_WARN_EMPTY_BODY = YES;
				CLANG_WARN_ENUM_CONVERSION = YES;
				CLANG_WARN_INT_CONVERSION = YES;
				CLANG_WARN_OBJC_ROOT_CLASS = YES_ERROR;
				CLANG_WARN__DUPLICATE_METHOD_MATCH = YES;
				"CODE_SIGN_IDENTITY[sdk=iphoneos*]" = "iPhone Developer";
				COPY_PHASE_STRIP = NO;
				GCC_C_LANGUAGE_STANDARD = gnu99;
				GCC_DYNAMIC_NO_PIC = NO;
				GCC_OPTIMIZATION_LEVEL = 0;
				GCC_PREPROCESSOR_DEFINITIONS = (
					"DEBUG=1",
					"$(inherited)",
				);
				GCC_SYMBOLS_PRIVATE_EXTERN = NO;
				GCC_WARN_ABOUT_RETURN_TYPE = YES_ERROR;
				GCC_WARN_UNDECLARED_SELECTOR = YES;
				GCC_WARN_UNINITIALIZED_AUTOS = YES;
				GCC_WARN_UNUSED_FUNCTION = YES;
				GCC_WARN_UNUSED_VARIABLE = YES;
				IPHONEOS_DEPLOYMENT_TARGET = 7.0;
				ONLY_ACTIVE_ARCH = YES;
				SDKROOT = iphoneos;
			};
			name = Debug;
		};
		468F39EA17C37EE0005E13C2 /* Release */ = {
			isa = XCBuildConfiguration;
			buildSettings = {
				ALWAYS_SEARCH_USER_PATHS = NO;
				CLANG_CXX_LANGUAGE_STANDARD = "gnu++0x";
				CLANG_CXX_LIBRARY = "libc++";
				CLANG_ENABLE_MODULES = YES;
				CLANG_ENABLE_OBJC_ARC = YES;
				CLANG_WARN_BOOL_CONVERSION = YES;
				CLANG_WARN_CONSTANT_CONVERSION = YES;
				CLANG_WARN_DIRECT_OBJC_ISA_USAGE = YES_ERROR;
				CLANG_WARN_EMPTY_BODY = YES;
				CLANG_WARN_ENUM_CONVERSION = YES;
				CLANG_WARN_INT_CONVERSION = YES;
				CLANG_WARN_OBJC_ROOT_CLASS = YES_ERROR;
				CLANG_WARN__DUPLICATE_METHOD_MATCH = YES;
				"CODE_SIGN_IDENTITY[sdk=iphoneos*]" = "iPhone Developer";
				COPY_PHASE_STRIP = YES;
				ENABLE_NS_ASSERTIONS = NO;
				GCC_C_LANGUAGE_STANDARD = gnu99;
				GCC_WARN_ABOUT_RETURN_TYPE = YES_ERROR;
				GCC_WARN_UNDECLARED_SELECTOR = YES;
				GCC_WARN_UNINITIALIZED_AUTOS = YES;
				GCC_WARN_UNUSED_FUNCTION = YES;
				GCC_WARN_UNUSED_VARIABLE = YES;
				IPHONEOS_DEPLOYMENT_TARGET = 7.0;
				SDKROOT = iphoneos;
				VALIDATE_PRODUCT = YES;
			};
			name = Release;
		};
		468F39EC17C37EE0005E13C2 /* Debug */ = {
			isa = XCBuildConfiguration;
			buildSettings = {
				ASSETCATALOG_COMPILER_APPICON_NAME = AppIcon;
				ASSETCATALOG_COMPILER_LAUNCHIMAGE_NAME = LaunchImage;
				GCC_PRECOMPILE_PREFIX_HEADER = YES;
				GCC_PREFIX_HEADER = "SSBarGraphDemo/SSBarGraphDemo-Prefix.pch";
				INFOPLIST_FILE = "SSBarGraphDemo/SSBarGraphDemo-Info.plist";
				IPHONEOS_DEPLOYMENT_TARGET = 6.0;
				PRODUCT_NAME = "$(TARGET_NAME)";
				WRAPPER_EXTENSION = app;
			};
			name = Debug;
		};
		468F39ED17C37EE0005E13C2 /* Release */ = {
			isa = XCBuildConfiguration;
			buildSettings = {
				ASSETCATALOG_COMPILER_APPICON_NAME = AppIcon;
				ASSETCATALOG_COMPILER_LAUNCHIMAGE_NAME = LaunchImage;
				GCC_PRECOMPILE_PREFIX_HEADER = YES;
				GCC_PREFIX_HEADER = "SSBarGraphDemo/SSBarGraphDemo-Prefix.pch";
				INFOPLIST_FILE = "SSBarGraphDemo/SSBarGraphDemo-Info.plist";
				IPHONEOS_DEPLOYMENT_TARGET = 6.0;
				PRODUCT_NAME = "$(TARGET_NAME)";
				WRAPPER_EXTENSION = app;
			};
			name = Release;
		};
		468F39EF17C37EE0005E13C2 /* Debug */ = {
			isa = XCBuildConfiguration;
			buildSettings = {
				BUNDLE_LOADER = "$(BUILT_PRODUCTS_DIR)/SSBarGraphDemo.app/SSBarGraphDemo";
				FRAMEWORK_SEARCH_PATHS = (
					"$(SDKROOT)/Developer/Library/Frameworks",
					"$(inherited)",
					"$(DEVELOPER_FRAMEWORKS_DIR)",
				);
				GCC_PRECOMPILE_PREFIX_HEADER = YES;
				GCC_PREFIX_HEADER = "SSBarGraphDemo/SSBarGraphDemo-Prefix.pch";
				GCC_PREPROCESSOR_DEFINITIONS = (
					"DEBUG=1",
					"$(inherited)",
				);
				INFOPLIST_FILE = "SSBarGraphDemoTests/SSBarGraphDemoTests-Info.plist";
				PRODUCT_NAME = "$(TARGET_NAME)";
				TEST_HOST = "$(BUNDLE_LOADER)";
				WRAPPER_EXTENSION = xctest;
			};
			name = Debug;
		};
		468F39F017C37EE0005E13C2 /* Release */ = {
			isa = XCBuildConfiguration;
			buildSettings = {
				BUNDLE_LOADER = "$(BUILT_PRODUCTS_DIR)/SSBarGraphDemo.app/SSBarGraphDemo";
				FRAMEWORK_SEARCH_PATHS = (
					"$(SDKROOT)/Developer/Library/Frameworks",
					"$(inherited)",
					"$(DEVELOPER_FRAMEWORKS_DIR)",
				);
				GCC_PRECOMPILE_PREFIX_HEADER = YES;
				GCC_PREFIX_HEADER = "SSBarGraphDemo/SSBarGraphDemo-Prefix.pch";
				INFOPLIST_FILE = "SSBarGraphDemoTests/SSBarGraphDemoTests-Info.plist";
				PRODUCT_NAME = "$(TARGET_NAME)";
				TEST_HOST = "$(BUNDLE_LOADER)";
				WRAPPER_EXTENSION = xctest;
			};
			name = Release;
		};
/* End XCBuildConfiguration section */

/* Begin XCConfigurationList section */
		468F39B417C37EE0005E13C2 /* Build configuration list for PBXProject "SSBarGraphDemo" */ = {
			isa = XCConfigurationList;
			buildConfigurations = (
				468F39E917C37EE0005E13C2 /* Debug */,
				468F39EA17C37EE0005E13C2 /* Release */,
			);
			defaultConfigurationIsVisible = 0;
			defaultConfigurationName = Release;
		};
		468F39EB17C37EE0005E13C2 /* Build configuration list for PBXNativeTarget "SSBarGraphDemo" */ = {
			isa = XCConfigurationList;
			buildConfigurations = (
				468F39EC17C37EE0005E13C2 /* Debug */,
				468F39ED17C37EE0005E13C2 /* Release */,
			);
			defaultConfigurationIsVisible = 0;
		};
		468F39EE17C37EE0005E13C2 /* Build configuration list for PBXNativeTarget "SSBarGraphDemoTests" */ = {
			isa = XCConfigurationList;
			buildConfigurations = (
				468F39EF17C37EE0005E13C2 /* Debug */,
				468F39F017C37EE0005E13C2 /* Release */,
			);
			defaultConfigurationIsVisible = 0;
		};
/* End XCConfigurationList section */
	};
	rootObject = 468F39B117C37EE0005E13C2 /* Project object */;
}
